{
    "_meta": {
        "hash": {
            "sha256": "45fa0a2e25b82f98957e4e47a1864f7e68a3ca533ed15394e4cc2477154abae0"
        },
        "pipfile-spec": 6,
        "requires": {
            "python_version": "3.12"
        },
        "sources": [
            {
                "name": "pypi",
                "url": "https://pypi.org/simple",
                "verify_ssl": true
            }
        ]
    },
    "default": {},
    "develop": {}
}
